
Microsoft Visual Studio Solution File, Format Version 12.00
# Visual Studio Version 17
VisualStudioVersion = 17.6.33815.320
MinimumVisualStudioVersion = 10.0.40219.1
Project("{FAE04EC0-301F-11D3-BF4B-00C04F79EFBC}") = "SignatureTechnologies.Web", "SignatureTechnologies.Web\SignatureTechnologies.Web.csproj", "{ED7CAC6C-CA95-46C0-ABAD-8EE2B6C5D218}"
EndProject
Project("{FAE04EC0-301F-11D3-BF4B-00C04F79EFBC}") = "SignatureTech.DataAccess", "SignatureTech.DataAccess\SignatureTech.DataAccess.csproj", "{77BF1A1C-5F53-4B4D-967C-01A1C0EEB6B3}"
EndProject
Project("{FAE04EC0-301F-11D3-BF4B-00C04F79EFBC}") = "SignatureTech.Models", "SignatureTech.Models\SignatureTech.Models.csproj", "{4B2E2FBA-B478-402B-90C5-A3547169D7A7}"
EndProject
Project("{FAE04EC0-301F-11D3-BF4B-00C04F79EFBC}") = "SignatureTech.Utility", "SignatureTech.Utility\SignatureTech.Utility.csproj", "{059519C6-E273-4A95-8CCD-B166233D7681}"
EndProject
Global
	GlobalSection(SolutionConfigurationPlatforms) = preSolution
		Debug|Any CPU = Debug|Any CPU
		Release|Any CPU = Release|Any CPU
	EndGlobalSection
	GlobalSection(ProjectConfigurationPlatforms) = postSolution
		{ED7CAC6C-CA95-46C0-ABAD-8EE2B6C5D218}.Debug|Any CPU.ActiveCfg = Debug|Any CPU
		{ED7CAC6C-CA95-46C0-ABAD-8EE2B6C5D218}.Debug|Any CPU.Build.0 = Debug|Any CPU
		{ED7CAC6C-CA95-46C0-ABAD-8EE2B6C5D218}.Release|Any CPU.ActiveCfg = Release|Any CPU
		{ED7CAC6C-CA95-46C0-ABAD-8EE2B6C5D218}.Release|Any CPU.Build.0 = Release|Any CPU
		{77BF1A1C-5F53-4B4D-967C-01A1C0EEB6B3}.Debug|Any CPU.ActiveCfg = Debug|Any CPU
		{77BF1A1C-5F53-4B4D-967C-01A1C0EEB6B3}.Debug|Any CPU.Build.0 = Debug|Any CPU
		{77BF1A1C-5F53-4B4D-967C-01A1C0EEB6B3}.Release|Any CPU.ActiveCfg = Release|Any CPU
		{77BF1A1C-5F53-4B4D-967C-01A1C0EEB6B3}.Release|Any CPU.Build.0 = Release|Any CPU
		{4B2E2FBA-B478-402B-90C5-A3547169D7A7}.Debug|Any CPU.ActiveCfg = Debug|Any CPU
		{4B2E2FBA-B478-402B-90C5-A3547169D7A7}.Debug|Any CPU.Build.0 = Debug|Any CPU
		{4B2E2FBA-B478-402B-90C5-A3547169D7A7}.Release|Any CPU.ActiveCfg = Release|Any CPU
		{4B2E2FBA-B478-402B-90C5-A3547169D7A7}.Release|Any CPU.Build.0 = Release|Any CPU
		{059519C6-E273-4A95-8CCD-B166233D7681}.Debug|Any CPU.ActiveCfg = Debug|Any CPU
		{059519C6-E273-4A95-8CCD-B166233D7681}.Debug|Any CPU.Build.0 = Debug|Any CPU
		{059519C6-E273-4A95-8CCD-B166233D7681}.Release|Any CPU.ActiveCfg = Release|Any CPU
		{059519C6-E273-4A95-8CCD-B166233D7681}.Release|Any CPU.Build.0 = Release|Any CPU
	EndGlobalSection
	GlobalSection(SolutionProperties) = preSolution
		HideSolutionNode = FALSE
	EndGlobalSection
	GlobalSection(ExtensibilityGlobals) = postSolution
		SolutionGuid = {0FFE00DD-32FD-49C4-A0E7-F27766F94F57}
	EndGlobalSection
EndGlobal
